// !$*UTF8*$!
{
	archiveVersion = 1;
	classes = {
	};
	objectVersion = 50;
	objects = {

/* Begin PBXBuildFile section */
		D0A6E0D5263DDDC40003DD7A /* AppDelegate.swift in Sources */ = {isa = PBXBuildFile; fileRef = D0A6E0D4263DDDC40003DD7A /* AppDelegate.swift */; };
		D0A6E0D7263DDDC40003DD7A /* SceneDelegate.swift in Sources */ = {isa = PBXBuildFile; fileRef = D0A6E0D6263DDDC40003DD7A /* SceneDelegate.swift */; };
		D0A6E0DE263DDDC40003DD7A /* Assets.xcassets in Resources */ = {isa = PBXBuildFile; fileRef = D0A6E0DD263DDDC40003DD7A /* Assets.xcassets */; };
		D0A6E0E1263DDDC40003DD7A /* LaunchScreen.storyboard in Resources */ = {isa = PBXBuildFile; fileRef = D0A6E0DF263DDDC40003DD7A /* LaunchScreen.storyboard */; };
		D0A6E0EC263DDDC50003DD7A /* BTGTestRedoTests.swift in Sources */ = {isa = PBXBuildFile; fileRef = D0A6E0EB263DDDC50003DD7A /* BTGTestRedoTests.swift */; };
		D0A6E0F7263DDDC50003DD7A /* BTGTestRedoUITests.swift in Sources */ = {isa = PBXBuildFile; fileRef = D0A6E0F6263DDDC50003DD7A /* BTGTestRedoUITests.swift */; };
		D0A6E10C263DDF080003DD7A /* Coordinator.swift in Sources */ = {isa = PBXBuildFile; fileRef = D0A6E10B263DDF080003DD7A /* Coordinator.swift */; };
		D0A6E111263DDF8C0003DD7A /* AppCoordinator.swift in Sources */ = {isa = PBXBuildFile; fileRef = D0A6E110263DDF8C0003DD7A /* AppCoordinator.swift */; };
		D0A6E11A263DE1070003DD7A /* HomeViewController.swift in Sources */ = {isa = PBXBuildFile; fileRef = D0A6E119263DE1070003DD7A /* HomeViewController.swift */; };
		D0A6E126263DE1440003DD7A /* HomeCoordinator.swift in Sources */ = {isa = PBXBuildFile; fileRef = D0A6E125263DE1440003DD7A /* HomeCoordinator.swift */; };
		D0A6E134263DE5F90003DD7A /* HomeViewModel.swift in Sources */ = {isa = PBXBuildFile; fileRef = D0A6E133263DE5F90003DD7A /* HomeViewModel.swift */; };
		D0BBC58926408CBF007D1C01 /* HomeViewController.xib in Resources */ = {isa = PBXBuildFile; fileRef = D0BBC58826408CBF007D1C01 /* HomeViewController.xib */; };
/* End PBXBuildFile section */

/* Begin PBXContainerItemProxy section */
		D0A6E0E8263DDDC50003DD7A /* PBXContainerItemProxy */ = {
			isa = PBXContainerItemProxy;
			containerPortal = D0A6E0C9263DDDC40003DD7A /* Project object */;
			proxyType = 1;
			remoteGlobalIDString = D0A6E0D0263DDDC40003DD7A;
			remoteInfo = BTGTestRedo;
		};
		D0A6E0F3263DDDC50003DD7A /* PBXContainerItemProxy */ = {
			isa = PBXContainerItemProxy;
			containerPortal = D0A6E0C9263DDDC40003DD7A /* Project object */;
			proxyType = 1;
			remoteGlobalIDString = D0A6E0D0263DDDC40003DD7A;
			remoteInfo = BTGTestRedo;
		};
/* End PBXContainerItemProxy section */

/* Begin PBXFileReference section */
		D0A6E0D1263DDDC40003DD7A /* BTGTestRedo.app */ = {isa = PBXFileReference; explicitFileType = wrapper.application; includeInIndex = 0; path = BTGTestRedo.app; sourceTree = BUILT_PRODUCTS_DIR; };
		D0A6E0D4263DDDC40003DD7A /* AppDelegate.swift */ = {isa = PBXFileReference; lastKnownFileType = sourcecode.swift; path = AppDelegate.swift; sourceTree = "<group>"; };
		D0A6E0D6263DDDC40003DD7A /* SceneDelegate.swift */ = {isa = PBXFileReference; lastKnownFileType = sourcecode.swift; path = SceneDelegate.swift; sourceTree = "<group>"; };
		D0A6E0DD263DDDC40003DD7A /* Assets.xcassets */ = {isa = PBXFileReference; lastKnownFileType = folder.assetcatalog; path = Assets.xcassets; sourceTree = "<group>"; };
		D0A6E0E0263DDDC40003DD7A /* Base */ = {isa = PBXFileReference; lastKnownFileType = file.storyboard; name = Base; path = Base.lproj/LaunchScreen.storyboard; sourceTree = "<group>"; };
		D0A6E0E2263DDDC40003DD7A /* Info.plist */ = {isa = PBXFileReference; lastKnownFileType = text.plist.xml; path = Info.plist; sourceTree = "<group>"; };
		D0A6E0E7263DDDC50003DD7A /* BTGTestRedoTests.xctest */ = {isa = PBXFileReference; explicitFileType = wrapper.cfbundle; includeInIndex = 0; path = BTGTestRedoTests.xctest; sourceTree = BUILT_PRODUCTS_DIR; };
		D0A6E0EB263DDDC50003DD7A /* BTGTestRedoTests.swift */ = {isa = PBXFileReference; lastKnownFileType = sourcecode.swift; path = BTGTestRedoTests.swift; sourceTree = "<group>"; };
		D0A6E0ED263DDDC50003DD7A /* Info.plist */ = {isa = PBXFileReference; lastKnownFileType = text.plist.xml; path = Info.plist; sourceTree = "<group>"; };
		D0A6E0F2263DDDC50003DD7A /* BTGTestRedoUITests.xctest */ = {isa = PBXFileReference; explicitFileType = wrapper.cfbundle; includeInIndex = 0; path = BTGTestRedoUITests.xctest; sourceTree = BUILT_PRODUCTS_DIR; };
		D0A6E0F6263DDDC50003DD7A /* BTGTestRedoUITests.swift */ = {isa = PBXFileReference; lastKnownFileType = sourcecode.swift; path = BTGTestRedoUITests.swift; sourceTree = "<group>"; };
		D0A6E0F8263DDDC50003DD7A /* Info.plist */ = {isa = PBXFileReference; lastKnownFileType = text.plist.xml; path = Info.plist; sourceTree = "<group>"; };
		D0A6E10B263DDF080003DD7A /* Coordinator.swift */ = {isa = PBXFileReference; lastKnownFileType = sourcecode.swift; path = Coordinator.swift; sourceTree = "<group>"; };
		D0A6E110263DDF8C0003DD7A /* AppCoordinator.swift */ = {isa = PBXFileReference; lastKnownFileType = sourcecode.swift; path = AppCoordinator.swift; sourceTree = "<group>"; };
		D0A6E119263DE1070003DD7A /* HomeViewController.swift */ = {isa = PBXFileReference; lastKnownFileType = sourcecode.swift; path = HomeViewController.swift; sourceTree = "<group>"; };
		D0A6E125263DE1440003DD7A /* HomeCoordinator.swift */ = {isa = PBXFileReference; lastKnownFileType = sourcecode.swift; path = HomeCoordinator.swift; sourceTree = "<group>"; };
		D0A6E133263DE5F90003DD7A /* HomeViewModel.swift */ = {isa = PBXFileReference; lastKnownFileType = sourcecode.swift; path = HomeViewModel.swift; sourceTree = "<group>"; };
		D0BBC58826408CBF007D1C01 /* HomeViewController.xib */ = {isa = PBXFileReference; lastKnownFileType = file.xib; path = HomeViewController.xib; sourceTree = "<group>"; };
/* End PBXFileReference section */

/* Begin PBXFrameworksBuildPhase section */
		D0A6E0CE263DDDC40003DD7A /* Frameworks */ = {
			isa = PBXFrameworksBuildPhase;
			buildActionMask = 2147483647;
			files = (
			);
			runOnlyForDeploymentPostprocessing = 0;
		};
		D0A6E0E4263DDDC50003DD7A /* Frameworks */ = {
			isa = PBXFrameworksBuildPhase;
			buildActionMask = 2147483647;
			files = (
			);
			runOnlyForDeploymentPostprocessing = 0;
		};
		D0A6E0EF263DDDC50003DD7A /* Frameworks */ = {
			isa = PBXFrameworksBuildPhase;
			buildActionMask = 2147483647;
			files = (
			);
			runOnlyForDeploymentPostprocessing = 0;
		};
/* End PBXFrameworksBuildPhase section */

/* Begin PBXGroup section */
		D0A6E0C8263DDDC40003DD7A = {
			isa = PBXGroup;
			children = (
				D0A6E0D3263DDDC40003DD7A /* BTGTestRedo */,
				D0A6E0EA263DDDC50003DD7A /* BTGTestRedoTests */,
				D0A6E0F5263DDDC50003DD7A /* BTGTestRedoUITests */,
				D0A6E0D2263DDDC40003DD7A /* Products */,
			);
			sourceTree = "<group>";
		};
		D0A6E0D2263DDDC40003DD7A /* Products */ = {
			isa = PBXGroup;
			children = (
				D0A6E0D1263DDDC40003DD7A /* BTGTestRedo.app */,
				D0A6E0E7263DDDC50003DD7A /* BTGTestRedoTests.xctest */,
				D0A6E0F2263DDDC50003DD7A /* BTGTestRedoUITests.xctest */,
			);
			name = Products;
			sourceTree = "<group>";
		};
		D0A6E0D3263DDDC40003DD7A /* BTGTestRedo */ = {
			isa = PBXGroup;
			children = (
				D0A6E107263DDEDA0003DD7A /* App */,
				D0A6E121263DE1350003DD7A /* Home */,
				D0A6E149263E05270003DD7A /* Supporting Files */,
			);
			path = BTGTestRedo;
			sourceTree = "<group>";
		};
		D0A6E0EA263DDDC50003DD7A /* BTGTestRedoTests */ = {
			isa = PBXGroup;
			children = (
				D0A6E0EB263DDDC50003DD7A /* BTGTestRedoTests.swift */,
				D0A6E0ED263DDDC50003DD7A /* Info.plist */,
			);
			path = BTGTestRedoTests;
			sourceTree = "<group>";
		};
		D0A6E0F5263DDDC50003DD7A /* BTGTestRedoUITests */ = {
			isa = PBXGroup;
			children = (
				D0A6E0F6263DDDC50003DD7A /* BTGTestRedoUITests.swift */,
				D0A6E0F8263DDDC50003DD7A /* Info.plist */,
			);
			path = BTGTestRedoUITests;
			sourceTree = "<group>";
		};
		D0A6E107263DDEDA0003DD7A /* App */ = {
			isa = PBXGroup;
			children = (
				D0A6E0D4263DDDC40003DD7A /* AppDelegate.swift */,
				D0A6E0D6263DDDC40003DD7A /* SceneDelegate.swift */,
				D0A6E110263DDF8C0003DD7A /* AppCoordinator.swift */,
				D0A6E115263DE0EF0003DD7A /* Base */,
			);
			path = App;
			sourceTree = "<group>";
		};
		D0A6E115263DE0EF0003DD7A /* Base */ = {
			isa = PBXGroup;
			children = (
				D0A6E10B263DDF080003DD7A /* Coordinator.swift */,
			);
			path = Base;
			sourceTree = "<group>";
		};
		D0A6E121263DE1350003DD7A /* Home */ = {
			isa = PBXGroup;
			children = (
				D0BBC58D264091D4007D1C01 /* Model */,
				D0A6E12A263DE5A60003DD7A /* View */,
				D0A6E132263DE5D80003DD7A /* ViewModel */,
				D0A6E12E263DE5CD0003DD7A /* Coordinator */,
			);
			path = Home;
			sourceTree = "<group>";
		};
		D0A6E12A263DE5A60003DD7A /* View */ = {
			isa = PBXGroup;
			children = (
				D0A6E119263DE1070003DD7A /* HomeViewController.swift */,
				D0BBC58826408CBF007D1C01 /* HomeViewController.xib */,
			);
			path = View;
			sourceTree = "<group>";
		};
		D0A6E12E263DE5CD0003DD7A /* Coordinator */ = {
			isa = PBXGroup;
			children = (
				D0A6E125263DE1440003DD7A /* HomeCoordinator.swift */,
			);
			path = Coordinator;
			sourceTree = "<group>";
		};
		D0A6E132263DE5D80003DD7A /* ViewModel */ = {
			isa = PBXGroup;
			children = (
				D0A6E133263DE5F90003DD7A /* HomeViewModel.swift */,
			);
			path = ViewModel;
			sourceTree = "<group>";
		};
		D0A6E149263E05270003DD7A /* Supporting Files */ = {
			isa = PBXGroup;
			children = (
				D0A6E0DD263DDDC40003DD7A /* Assets.xcassets */,
				D0A6E0DF263DDDC40003DD7A /* LaunchScreen.storyboard */,
				D0A6E0E2263DDDC40003DD7A /* Info.plist */,
			);
			path = "Supporting Files";
			sourceTree = "<group>";
		};
		D0BBC58D264091D4007D1C01 /* Model */ = {
			isa = PBXGroup;
			children = (
			);
			path = Model;
			sourceTree = "<group>";
		};
/* End PBXGroup section */

/* Begin PBXNativeTarget section */
		D0A6E0D0263DDDC40003DD7A /* BTGTestRedo */ = {
			isa = PBXNativeTarget;
			buildConfigurationList = D0A6E0FB263DDDC50003DD7A /* Build configuration list for PBXNativeTarget "BTGTestRedo" */;
			buildPhases = (
				D0A6E0CD263DDDC40003DD7A /* Sources */,
				D0A6E0CE263DDDC40003DD7A /* Frameworks */,
				D0A6E0CF263DDDC40003DD7A /* Resources */,
			);
			buildRules = (
			);
			dependencies = (
			);
			name = BTGTestRedo;
			productName = BTGTestRedo;
			productReference = D0A6E0D1263DDDC40003DD7A /* BTGTestRedo.app */;
			productType = "com.apple.product-type.application";
		};
		D0A6E0E6263DDDC50003DD7A /* BTGTestRedoTests */ = {
			isa = PBXNativeTarget;
			buildConfigurationList = D0A6E0FE263DDDC50003DD7A /* Build configuration list for PBXNativeTarget "BTGTestRedoTests" */;
			buildPhases = (
				D0A6E0E3263DDDC50003DD7A /* Sources */,
				D0A6E0E4263DDDC50003DD7A /* Frameworks */,
				D0A6E0E5263DDDC50003DD7A /* Resources */,
			);
			buildRules = (
			);
			dependencies = (
				D0A6E0E9263DDDC50003DD7A /* PBXTargetDependency */,
			);
			name = BTGTestRedoTests;
			productName = BTGTestRedoTests;
			productReference = D0A6E0E7263DDDC50003DD7A /* BTGTestRedoTests.xctest */;
			productType = "com.apple.product-type.bundle.unit-test";
		};
		D0A6E0F1263DDDC50003DD7A /* BTGTestRedoUITests */ = {
			isa = PBXNativeTarget;
			buildConfigurationList = D0A6E101263DDDC50003DD7A /* Build configuration list for PBXNativeTarget "BTGTestRedoUITests" */;
			buildPhases = (
				D0A6E0EE263DDDC50003DD7A /* Sources */,
				D0A6E0EF263DDDC50003DD7A /* Frameworks */,
				D0A6E0F0263DDDC50003DD7A /* Resources */,
			);
			buildRules = (
			);
			dependencies = (
				D0A6E0F4263DDDC50003DD7A /* PBXTargetDependency */,
			);
			name = BTGTestRedoUITests;
			productName = BTGTestRedoUITests;
			productReference = D0A6E0F2263DDDC50003DD7A /* BTGTestRedoUITests.xctest */;
			productType = "com.apple.product-type.bundle.ui-testing";
		};
/* End PBXNativeTarget section */

/* Begin PBXProject section */
		D0A6E0C9263DDDC40003DD7A /* Project object */ = {
			isa = PBXProject;
			attributes = {
				LastSwiftUpdateCheck = 1230;
				LastUpgradeCheck = 1230;
				TargetAttributes = {
					D0A6E0D0263DDDC40003DD7A = {
						CreatedOnToolsVersion = 12.3;
					};
					D0A6E0E6263DDDC50003DD7A = {
						CreatedOnToolsVersion = 12.3;
						TestTargetID = D0A6E0D0263DDDC40003DD7A;
					};
					D0A6E0F1263DDDC50003DD7A = {
						CreatedOnToolsVersion = 12.3;
						TestTargetID = D0A6E0D0263DDDC40003DD7A;
					};
				};
			};
			buildConfigurationList = D0A6E0CC263DDDC40003DD7A /* Build configuration list for PBXProject "BTGTestRedo" */;
			compatibilityVersion = "Xcode 9.3";
			developmentRegion = en;
			hasScannedForEncodings = 0;
			knownRegions = (
				en,
				Base,
			);
			mainGroup = D0A6E0C8263DDDC40003DD7A;
			productRefGroup = D0A6E0D2263DDDC40003DD7A /* Products */;
			projectDirPath = "";
			projectRoot = "";
			targets = (
				D0A6E0D0263DDDC40003DD7A /* BTGTestRedo */,
				D0A6E0E6263DDDC50003DD7A /* BTGTestRedoTests */,
				D0A6E0F1263DDDC50003DD7A /* BTGTestRedoUITests */,
			);
		};
/* End PBXProject section */

/* Begin PBXResourcesBuildPhase section */
		D0A6E0CF263DDDC40003DD7A /* Resources */ = {
			isa = PBXResourcesBuildPhase;
			buildActionMask = 2147483647;
			files = (
				D0A6E0E1263DDDC40003DD7A /* LaunchScreen.storyboard in Resources */,
				D0A6E0DE263DDDC40003DD7A /* Assets.xcassets in Resources */,
				D0BBC58926408CBF007D1C01 /* HomeViewController.xib in Resources */,
			);
			runOnlyForDeploymentPostprocessing = 0;
		};
		D0A6E0E5263DDDC50003DD7A /* Resources */ = {
			isa = PBXResourcesBuildPhase;
			buildActionMask = 2147483647;
			files = (
			);
			runOnlyForDeploymentPostprocessing = 0;
		};
		D0A6E0F0263DDDC50003DD7A /* Resources */ = {
			isa = PBXResourcesBuildPhase;
			buildActionMask = 2147483647;
			files = (
			);
			runOnlyForDeploymentPostprocessing = 0;
		};
/* End PBXResourcesBuildPhase section */

/* Begin PBXSourcesBuildPhase section */
		D0A6E0CD263DDDC40003DD7A /* Sources */ = {
			isa = PBXSourcesBuildPhase;
			buildActionMask = 2147483647;
			files = (
				D0A6E10C263DDF080003DD7A /* Coordinator.swift in Sources */,
				D0A6E111263DDF8C0003DD7A /* AppCoordinator.swift in Sources */,
				D0A6E134263DE5F90003DD7A /* HomeViewModel.swift in Sources */,
				D0A6E0D5263DDDC40003DD7A /* AppDelegate.swift in Sources */,
				D0A6E0D7263DDDC40003DD7A /* SceneDelegate.swift in Sources */,
				D0A6E126263DE1440003DD7A /* HomeCoordinator.swift in Sources */,
				D0A6E11A263DE1070003DD7A /* HomeViewController.swift in Sources */,
			);
			runOnlyForDeploymentPostprocessing = 0;
		};
		D0A6E0E3263DDDC50003DD7A /* Sources */ = {
			isa = PBXSourcesBuildPhase;
			buildActionMask = 2147483647;
			files = (
				D0A6E0EC263DDDC50003DD7A /* BTGTestRedoTests.swift in Sources */,
			);
			runOnlyForDeploymentPostprocessing = 0;
		};
		D0A6E0EE263DDDC50003DD7A /* Sources */ = {
			isa = PBXSourcesBuildPhase;
			buildActionMask = 2147483647;
			files = (
				D0A6E0F7263DDDC50003DD7A /* BTGTestRedoUITests.swift in Sources */,
			);
			runOnlyForDeploymentPostprocessing = 0;
		};
/* End PBXSourcesBuildPhase section */

/* Begin PBXTargetDependency section */
		D0A6E0E9263DDDC50003DD7A /* PBXTargetDependency */ = {
			isa = PBXTargetDependency;
			target = D0A6E0D0263DDDC40003DD7A /* BTGTestRedo */;
			targetProxy = D0A6E0E8263DDDC50003DD7A /* PBXContainerItemProxy */;
		};
		D0A6E0F4263DDDC50003DD7A /* PBXTargetDependency */ = {
			isa = PBXTargetDependency;
			target = D0A6E0D0263DDDC40003DD7A /* BTGTestRedo */;
			targetProxy = D0A6E0F3263DDDC50003DD7A /* PBXContainerItemProxy */;
		};
/* End PBXTargetDependency section */

/* Begin PBXVariantGroup section */
		D0A6E0DF263DDDC40003DD7A /* LaunchScreen.storyboard */ = {
			isa = PBXVariantGroup;
			children = (
				D0A6E0E0263DDDC40003DD7A /* Base */,
			);
			name = LaunchScreen.storyboard;
			sourceTree = "<group>";
		};
/* End PBXVariantGroup section */

/* Begin XCBuildConfiguration section */
		D0A6E0F9263DDDC50003DD7A /* Debug */ = {
			isa = XCBuildConfiguration;
			buildSettings = {
				ALWAYS_SEARCH_USER_PATHS = NO;
				CLANG_ANALYZER_NONNULL = YES;
				CLANG_ANALYZER_NUMBER_OBJECT_CONVERSION = YES_AGGRESSIVE;
				CLANG_CXX_LANGUAGE_STANDARD = "gnu++14";
				CLANG_CXX_LIBRARY = "libc++";
				CLANG_ENABLE_MODULES = YES;
				CLANG_ENABLE_OBJC_ARC = YES;
				CLANG_ENABLE_OBJC_WEAK = YES;
				CLANG_WARN_BLOCK_CAPTURE_AUTORELEASING = YES;
				CLANG_WARN_BOOL_CONVERSION = YES;
				CLANG_WARN_COMMA = YES;
				CLANG_WARN_CONSTANT_CONVERSION = YES;
				CLANG_WARN_DEPRECATED_OBJC_IMPLEMENTATIONS = YES;
				CLANG_WARN_DIRECT_OBJC_ISA_USAGE = YES_ERROR;
				CLANG_WARN_DOCUMENTATION_COMMENTS = YES;
				CLANG_WARN_EMPTY_BODY = YES;
				CLANG_WARN_ENUM_CONVERSION = YES;
				CLANG_WARN_INFINITE_RECURSION = YES;
				CLANG_WARN_INT_CONVERSION = YES;
				CLANG_WARN_NON_LITERAL_NULL_CONVERSION = YES;
				CLANG_WARN_OBJC_IMPLICIT_RETAIN_SELF = YES;
				CLANG_WARN_OBJC_LITERAL_CONVERSION = YES;
				CLANG_WARN_OBJC_ROOT_CLASS = YES_ERROR;
				CLANG_WARN_QUOTED_INCLUDE_IN_FRAMEWORK_HEADER = YES;
				CLANG_WARN_RANGE_LOOP_ANALYSIS = YES;
				CLANG_WARN_STRICT_PROTOTYPES = YES;
				CLANG_WARN_SUSPICIOUS_MOVE = YES;
				CLANG_WARN_UNGUARDED_AVAILABILITY = YES_AGGRESSIVE;
				CLANG_WARN_UNREACHABLE_CODE = YES;
				CLANG_WARN__DUPLICATE_METHOD_MATCH = YES;
				COPY_PHASE_STRIP = NO;
				DEBUG_INFORMATION_FORMAT = dwarf;
				ENABLE_STRICT_OBJC_MSGSEND = YES;
				ENABLE_TESTABILITY = YES;
				GCC_C_LANGUAGE_STANDARD = gnu11;
				GCC_DYNAMIC_NO_PIC = NO;
				GCC_NO_COMMON_BLOCKS = YES;
				GCC_OPTIMIZATION_LEVEL = 0;
				GCC_PREPROCESSOR_DEFINITIONS = (
					"DEBUG=1",
					"$(inherited)",
				);
				GCC_WARN_64_TO_32_BIT_CONVERSION = YES;
				GCC_WARN_ABOUT_RETURN_TYPE = YES_ERROR;
				GCC_WARN_UNDECLARED_SELECTOR = YES;
				GCC_WARN_UNINITIALIZED_AUTOS = YES_AGGRESSIVE;
				GCC_WARN_UNUSED_FUNCTION = YES;
				GCC_WARN_UNUSED_VARIABLE = YES;
				IPHONEOS_DEPLOYMENT_TARGET = 14.3;
				MTL_ENABLE_DEBUG_INFO = INCLUDE_SOURCE;
				MTL_FAST_MATH = YES;
				ONLY_ACTIVE_ARCH = YES;
				SDKROOT = iphoneos;
				SWIFT_ACTIVE_COMPILATION_CONDITIONS = DEBUG;
				SWIFT_OPTIMIZATION_LEVEL = "-Onone";
			};
			name = Debug;
		};
		D0A6E0FA263DDDC50003DD7A /* Release */ = {
			isa = XCBuildConfiguration;
			buildSettings = {
				ALWAYS_SEARCH_USER_PATHS = NO;
				CLANG_ANALYZER_NONNULL = YES;
				CLANG_ANALYZER_NUMBER_OBJECT_CONVERSION = YES_AGGRESSIVE;
				CLANG_CXX_LANGUAGE_STANDARD = "gnu++14";
				CLANG_CXX_LIBRARY = "libc++";
				CLANG_ENABLE_MODULES = YES;
				CLANG_ENABLE_OBJC_ARC = YES;
				CLANG_ENABLE_OBJC_WEAK = YES;
				CLANG_WARN_BLOCK_CAPTURE_AUTORELEASING = YES;
				CLANG_WARN_BOOL_CONVERSION = YES;
				CLANG_WARN_COMMA = YES;
				CLANG_WARN_CONSTANT_CONVERSION = YES;
				CLANG_WARN_DEPRECATED_OBJC_IMPLEMENTATIONS = YES;
				CLANG_WARN_DIRECT_OBJC_ISA_USAGE = YES_ERROR;
				CLANG_WARN_DOCUMENTATION_COMMENTS = YES;
				CLANG_WARN_EMPTY_BODY = YES;
				CLANG_WARN_ENUM_CONVERSION = YES;
				CLANG_WARN_INFINITE_RECURSION = YES;
				CLANG_WARN_INT_CONVERSION = YES;
				CLANG_WARN_NON_LITERAL_NULL_CONVERSION = YES;
				CLANG_WARN_OBJC_IMPLICIT_RETAIN_SELF = YES;
				CLANG_WARN_OBJC_LITERAL_CONVERSION = YES;
				CLANG_WARN_OBJC_ROOT_CLASS = YES_ERROR;
				CLANG_WARN_QUOTED_INCLUDE_IN_FRAMEWORK_HEADER = YES;
				CLANG_WARN_RANGE_LOOP_ANALYSIS = YES;
				CLANG_WARN_STRICT_PROTOTYPES = YES;
				CLANG_WARN_SUSPICIOUS_MOVE = YES;
				CLANG_WARN_UNGUARDED_AVAILABILITY = YES_AGGRESSIVE;
				CLANG_WARN_UNREACHABLE_CODE = YES;
				CLANG_WARN__DUPLICATE_METHOD_MATCH = YES;
				COPY_PHASE_STRIP = NO;
				DEBUG_INFORMATION_FORMAT = "dwarf-with-dsym";
				ENABLE_NS_ASSERTIONS = NO;
				ENABLE_STRICT_OBJC_MSGSEND = YES;
				GCC_C_LANGUAGE_STANDARD = gnu11;
				GCC_NO_COMMON_BLOCKS = YES;
				GCC_WARN_64_TO_32_BIT_CONVERSION = YES;
				GCC_WARN_ABOUT_RETURN_TYPE = YES_ERROR;
				GCC_WARN_UNDECLARED_SELECTOR = YES;
				GCC_WARN_UNINITIALIZED_AUTOS = YES_AGGRESSIVE;
				GCC_WARN_UNUSED_FUNCTION = YES;
				GCC_WARN_UNUSED_VARIABLE = YES;
				IPHONEOS_DEPLOYMENT_TARGET = 14.3;
				MTL_ENABLE_DEBUG_INFO = NO;
				MTL_FAST_MATH = YES;
				SDKROOT = iphoneos;
				SWIFT_COMPILATION_MODE = wholemodule;
				SWIFT_OPTIMIZATION_LEVEL = "-O";
				VALIDATE_PRODUCT = YES;
			};
			name = Release;
		};
		D0A6E0FC263DDDC50003DD7A /* Debug */ = {
			isa = XCBuildConfiguration;
			buildSettings = {
				ASSETCATALOG_COMPILER_APPICON_NAME = AppIcon;
				ASSETCATALOG_COMPILER_GLOBAL_ACCENT_COLOR_NAME = AccentColor;
				CODE_SIGN_STYLE = Automatic;
				DEVELOPMENT_TEAM = FW89XSZW9N;
				INFOPLIST_FILE = "BTGTestRedo/Supporting Files/Info.plist";
				LD_RUNPATH_SEARCH_PATHS = (
					"$(inherited)",
					"@executable_path/Frameworks",
				);
				PRODUCT_BUNDLE_IDENTIFIER = personal.BTGTestRedo;
				PRODUCT_NAME = "$(TARGET_NAME)";
				SWIFT_VERSION = 5.0;
				TARGETED_DEVICE_FAMILY = "1,2";
			};
			name = Debug;
		};
		D0A6E0FD263DDDC50003DD7A /* Release */ = {
			isa = XCBuildConfiguration;
			buildSettings = {
				ASSETCATALOG_COMPILER_APPICON_NAME = AppIcon;
				ASSETCATALOG_COMPILER_GLOBAL_ACCENT_COLOR_NAME = AccentColor;
				CODE_SIGN_STYLE = Automatic;
				DEVELOPMENT_TEAM = FW89XSZW9N;
				INFOPLIST_FILE = "BTGTestRedo/Supporting Files/Info.plist";
				LD_RUNPATH_SEARCH_PATHS = (
					"$(inherited)",
					"@executable_path/Frameworks",
				);
				PRODUCT_BUNDLE_IDENTIFIER = personal.BTGTestRedo;
				PRODUCT_NAME = "$(TARGET_NAME)";
				SWIFT_VERSION = 5.0;
				TARGETED_DEVICE_FAMILY = "1,2";
			};
			name = Release;
		};
		D0A6E0FF263DDDC50003DD7A /* Debug */ = {
			isa = XCBuildConfiguration;
			buildSettings = {
				ALWAYS_EMBED_SWIFT_STANDARD_LIBRARIES = YES;
				BUNDLE_LOADER = "$(TEST_HOST)";
				CODE_SIGN_STYLE = Automatic;
				DEVELOPMENT_TEAM = FW89XSZW9N;
				INFOPLIST_FILE = BTGTestRedoTests/Info.plist;
				IPHONEOS_DEPLOYMENT_TARGET = 14.3;
				LD_RUNPATH_SEARCH_PATHS = (
					"$(inherited)",
					"@executable_path/Frameworks",
					"@loader_path/Frameworks",
				);
				PRODUCT_BUNDLE_IDENTIFIER = personal.BTGTestRedoTests;
				PRODUCT_NAME = "$(TARGET_NAME)";
				SWIFT_VERSION = 5.0;
				TARGETED_DEVICE_FAMILY = "1,2";
				TEST_HOST = "$(BUILT_PRODUCTS_DIR)/BTGTestRedo.app/BTGTestRedo";
			};
			name = Debug;
		};
		D0A6E100263DDDC50003DD7A /* Release */ = {
			isa = XCBuildConfiguration;
			buildSettings = {
				ALWAYS_EMBED_SWIFT_STANDARD_LIBRARIES = YES;
				BUNDLE_LOADER = "$(TEST_HOST)";
				CODE_SIGN_STYLE = Automatic;
				DEVELOPMENT_TEAM = FW89XSZW9N;
				INFOPLIST_FILE = BTGTestRedoTests/Info.plist;
				IPHONEOS_DEPLOYMENT_TARGET = 14.3;
				LD_RUNPATH_SEARCH_PATHS = (
					"$(inherited)",
					"@executable_path/Frameworks",
					"@loader_path/Frameworks",
				);
				PRODUCT_BUNDLE_IDENTIFIER = personal.BTGTestRedoTests;
				PRODUCT_NAME = "$(TARGET_NAME)";
				SWIFT_VERSION = 5.0;
				TARGETED_DEVICE_FAMILY = "1,2";
				TEST_HOST = "$(BUILT_PRODUCTS_DIR)/BTGTestRedo.app/BTGTestRedo";
			};
			name = Release;
		};
		D0A6E102263DDDC50003DD7A /* Debug */ = {
			isa = XCBuildConfiguration;
			buildSettings = {
				ALWAYS_EMBED_SWIFT_STANDARD_LIBRARIES = YES;
				CODE_SIGN_STYLE = Automatic;
				DEVELOPMENT_TEAM = FW89XSZW9N;
				INFOPLIST_FILE = BTGTestRedoUITests/Info.plist;
				LD_RUNPATH_SEARCH_PATHS = (
					"$(inherited)",
					"@executable_path/Frameworks",
					"@loader_path/Frameworks",
				);
				PRODUCT_BUNDLE_IDENTIFIER = personal.BTGTestRedoUITests;
				PRODUCT_NAME = "$(TARGET_NAME)";
				SWIFT_VERSION = 5.0;
				TARGETED_DEVICE_FAMILY = "1,2";
				TEST_TARGET_NAME = BTGTestRedo;
			};
			name = Debug;
		};
		D0A6E103263DDDC50003DD7A /* Release */ = {
			isa = XCBuildConfiguration;
			buildSettings = {
				ALWAYS_EMBED_SWIFT_STANDARD_LIBRARIES = YES;
				CODE_SIGN_STYLE = Automatic;
				DEVELOPMENT_TEAM = FW89XSZW9N;
				INFOPLIST_FILE = BTGTestRedoUITests/Info.plist;
				LD_RUNPATH_SEARCH_PATHS = (
					"$(inherited)",
					"@executable_path/Frameworks",
					"@loader_path/Frameworks",
				);
				PRODUCT_BUNDLE_IDENTIFIER = personal.BTGTestRedoUITests;
				PRODUCT_NAME = "$(TARGET_NAME)";
				SWIFT_VERSION = 5.0;
				TARGETED_DEVICE_FAMILY = "1,2";
				TEST_TARGET_NAME = BTGTestRedo;
			};
			name = Release;
		};
/* End XCBuildConfiguration section */

/* Begin XCConfigurationList section */
		D0A6E0CC263DDDC40003DD7A /* Build configuration list for PBXProject "BTGTestRedo" */ = {
			isa = XCConfigurationList;
			buildConfigurations = (
				D0A6E0F9263DDDC50003DD7A /* Debug */,
				D0A6E0FA263DDDC50003DD7A /* Release */,
			);
			defaultConfigurationIsVisible = 0;
			defaultConfigurationName = Release;
		};
		D0A6E0FB263DDDC50003DD7A /* Build configuration list for PBXNativeTarget "BTGTestRedo" */ = {
			isa = XCConfigurationList;
			buildConfigurations = (
				D0A6E0FC263DDDC50003DD7A /* Debug */,
				D0A6E0FD263DDDC50003DD7A /* Release */,
			);
			defaultConfigurationIsVisible = 0;
			defaultConfigurationName = Release;
		};
		D0A6E0FE263DDDC50003DD7A /* Build configuration list for PBXNativeTarget "BTGTestRedoTests" */ = {
			isa = XCConfigurationList;
			buildConfigurations = (
				D0A6E0FF263DDDC50003DD7A /* Debug */,
				D0A6E100263DDDC50003DD7A /* Release */,
			);
			defaultConfigurationIsVisible = 0;
			defaultConfigurationName = Release;
		};
		D0A6E101263DDDC50003DD7A /* Build configuration list for PBXNativeTarget "BTGTestRedoUITests" */ = {
			isa = XCConfigurationList;
			buildConfigurations = (
				D0A6E102263DDDC50003DD7A /* Debug */,
				D0A6E103263DDDC50003DD7A /* Release */,
			);
			defaultConfigurationIsVisible = 0;
			defaultConfigurationName = Release;
		};
/* End XCConfigurationList section */
	};
	rootObject = D0A6E0C9263DDDC40003DD7A /* Project object */;
}
